
Microsoft Visual Studio Solution File, Format Version 12.00
# Visual Studio Version 17
VisualStudioVersion = 17.2.32408.312
MinimumVisualStudioVersion = 10.0.40219.1
Project("{2150E333-8FDC-42A3-9474-1A3956D46DE8}") = "Services", "Services", "{E0825C31-ADF5-4214-AD33-8048861FE83C}"
EndProject
Project("{2150E333-8FDC-42A3-9474-1A3956D46DE8}") = "Catalog", "Catalog", "{5D6CD199-6FE3-4E81-9DE8-4DBFEF7BB496}"
EndProject
Project("{9A19103F-16F7-4668-BE54-9A1E7A4F7556}") = "Catalog.API", "Services\Catalog\Catalog.API\Catalog.API.csproj", "{39187064-4E8D-4CF9-A643-FB9919181018}"
EndProject
Project("{E53339B2-1760-4266-BCC7-CA923CBCF16C}") = "docker-compose", "docker-compose.dcproj", "{B25AC573-E7AF-4D71-A7B4-123289766153}"
EndProject
Project("{2150E333-8FDC-42A3-9474-1A3956D46DE8}") = "Basket", "Basket", "{A30E82A0-580C-4394-9AD5-C19FEC0A7E87}"
EndProject
Project("{9A19103F-16F7-4668-BE54-9A1E7A4F7556}") = "Basket.API", "Services\Basket\Basket.API\Basket.API.csproj", "{FA33225D-28A3-4DF1-B8F8-7EAE74DD2890}"
EndProject
Project("{2150E333-8FDC-42A3-9474-1A3956D46DE8}") = "Discount", "Discount", "{E4ABDB34-F45D-4D22-8EBC-6349EF819653}"
EndProject
Project("{9A19103F-16F7-4668-BE54-9A1E7A4F7556}") = "Discount.API", "Services\Discount\Discount.API\Discount.API.csproj", "{D834D6B0-EDA5-4367-B94A-AC2BA1AAB7AA}"
EndProject
Project("{9A19103F-16F7-4668-BE54-9A1E7A4F7556}") = "Discount.Grpc", "Services\Discount\Discount.Grpc\Discount.Grpc.csproj", "{6D6A01F2-9997-483F-968F-E73986BC42BB}"
EndProject
Project("{2150E333-8FDC-42A3-9474-1A3956D46DE8}") = "Ordering", "Ordering", "{B3DE2C98-ABC3-4D44-BB14-D9494AB8DADB}"
EndProject
Project("{9A19103F-16F7-4668-BE54-9A1E7A4F7556}") = "Ordering.Domain", "Services\Ordering\Ordering.Domain\Ordering.Domain.csproj", "{3D0EEFB6-02D3-4404-A2B4-1C403684EFAA}"
EndProject
Project("{9A19103F-16F7-4668-BE54-9A1E7A4F7556}") = "Ordering.Application", "Services\Ordering\Ordering.Application\Ordering.Application.csproj", "{E9B857EF-56B5-4949-8164-62AEAD0272FB}"
EndProject
Project("{9A19103F-16F7-4668-BE54-9A1E7A4F7556}") = "Ordering.Infrastructure", "Services\Ordering\Ordering.Infrastructure\Ordering.Infrastructure.csproj", "{AE735D68-E9C3-4FD9-8E23-06ECA349A976}"
EndProject
Project("{9A19103F-16F7-4668-BE54-9A1E7A4F7556}") = "Ordering.API", "Services\Ordering\Ordering.API\Ordering.API.csproj", "{DEF1E65F-9C1F-4753-9502-086B7A153D0A}"
EndProject
Project("{2150E333-8FDC-42A3-9474-1A3956D46DE8}") = "BuildingBlocks", "BuildingBlocks", "{B8393F5A-AC29-4186-8F30-608742848173}"
EndProject
Project("{FAE04EC0-301F-11D3-BF4B-00C04F79EFBC}") = "EventBus.Messages", "BuildingBlocks\EventBus.Messages\EventBus.Messages.csproj", "{A6DFE172-4237-46AF-AE41-4880DC84D1B0}"
EndProject
Global
	GlobalSection(SolutionConfigurationPlatforms) = preSolution
		Debug|Any CPU = Debug|Any CPU
		Release|Any CPU = Release|Any CPU
	EndGlobalSection
	GlobalSection(ProjectConfigurationPlatforms) = postSolution
		{39187064-4E8D-4CF9-A643-FB9919181018}.Debug|Any CPU.ActiveCfg = Debug|Any CPU
		{39187064-4E8D-4CF9-A643-FB9919181018}.Debug|Any CPU.Build.0 = Debug|Any CPU
		{39187064-4E8D-4CF9-A643-FB9919181018}.Release|Any CPU.ActiveCfg = Release|Any CPU
		{39187064-4E8D-4CF9-A643-FB9919181018}.Release|Any CPU.Build.0 = Release|Any CPU
		{B25AC573-E7AF-4D71-A7B4-123289766153}.Debug|Any CPU.ActiveCfg = Debug|Any CPU
		{B25AC573-E7AF-4D71-A7B4-123289766153}.Debug|Any CPU.Build.0 = Debug|Any CPU
		{B25AC573-E7AF-4D71-A7B4-123289766153}.Release|Any CPU.ActiveCfg = Release|Any CPU
		{B25AC573-E7AF-4D71-A7B4-123289766153}.Release|Any CPU.Build.0 = Release|Any CPU
		{FA33225D-28A3-4DF1-B8F8-7EAE74DD2890}.Debug|Any CPU.ActiveCfg = Debug|Any CPU
		{FA33225D-28A3-4DF1-B8F8-7EAE74DD2890}.Debug|Any CPU.Build.0 = Debug|Any CPU
		{FA33225D-28A3-4DF1-B8F8-7EAE74DD2890}.Release|Any CPU.ActiveCfg = Release|Any CPU
		{FA33225D-28A3-4DF1-B8F8-7EAE74DD2890}.Release|Any CPU.Build.0 = Release|Any CPU
		{D834D6B0-EDA5-4367-B94A-AC2BA1AAB7AA}.Debug|Any CPU.ActiveCfg = Debug|Any CPU
		{D834D6B0-EDA5-4367-B94A-AC2BA1AAB7AA}.Debug|Any CPU.Build.0 = Debug|Any CPU
		{D834D6B0-EDA5-4367-B94A-AC2BA1AAB7AA}.Release|Any CPU.ActiveCfg = Release|Any CPU
		{D834D6B0-EDA5-4367-B94A-AC2BA1AAB7AA}.Release|Any CPU.Build.0 = Release|Any CPU
		{6D6A01F2-9997-483F-968F-E73986BC42BB}.Debug|Any CPU.ActiveCfg = Debug|Any CPU
		{6D6A01F2-9997-483F-968F-E73986BC42BB}.Debug|Any CPU.Build.0 = Debug|Any CPU
		{6D6A01F2-9997-483F-968F-E73986BC42BB}.Release|Any CPU.ActiveCfg = Release|Any CPU
		{6D6A01F2-9997-483F-968F-E73986BC42BB}.Release|Any CPU.Build.0 = Release|Any CPU
		{3D0EEFB6-02D3-4404-A2B4-1C403684EFAA}.Debug|Any CPU.ActiveCfg = Debug|Any CPU
		{3D0EEFB6-02D3-4404-A2B4-1C403684EFAA}.Debug|Any CPU.Build.0 = Debug|Any CPU
		{3D0EEFB6-02D3-4404-A2B4-1C403684EFAA}.Release|Any CPU.ActiveCfg = Release|Any CPU
		{3D0EEFB6-02D3-4404-A2B4-1C403684EFAA}.Release|Any CPU.Build.0 = Release|Any CPU
		{E9B857EF-56B5-4949-8164-62AEAD0272FB}.Debug|Any CPU.ActiveCfg = Debug|Any CPU
		{E9B857EF-56B5-4949-8164-62AEAD0272FB}.Debug|Any CPU.Build.0 = Debug|Any CPU
		{E9B857EF-56B5-4949-8164-62AEAD0272FB}.Release|Any CPU.ActiveCfg = Release|Any CPU
		{E9B857EF-56B5-4949-8164-62AEAD0272FB}.Release|Any CPU.Build.0 = Release|Any CPU
		{AE735D68-E9C3-4FD9-8E23-06ECA349A976}.Debug|Any CPU.ActiveCfg = Debug|Any CPU
		{AE735D68-E9C3-4FD9-8E23-06ECA349A976}.Debug|Any CPU.Build.0 = Debug|Any CPU
		{AE735D68-E9C3-4FD9-8E23-06ECA349A976}.Release|Any CPU.ActiveCfg = Release|Any CPU
		{AE735D68-E9C3-4FD9-8E23-06ECA349A976}.Release|Any CPU.Build.0 = Release|Any CPU
		{DEF1E65F-9C1F-4753-9502-086B7A153D0A}.Debug|Any CPU.ActiveCfg = Debug|Any CPU
		{DEF1E65F-9C1F-4753-9502-086B7A153D0A}.Debug|Any CPU.Build.0 = Debug|Any CPU
		{DEF1E65F-9C1F-4753-9502-086B7A153D0A}.Release|Any CPU.ActiveCfg = Release|Any CPU
		{DEF1E65F-9C1F-4753-9502-086B7A153D0A}.Release|Any CPU.Build.0 = Release|Any CPU
		{A6DFE172-4237-46AF-AE41-4880DC84D1B0}.Debug|Any CPU.ActiveCfg = Debug|Any CPU
		{A6DFE172-4237-46AF-AE41-4880DC84D1B0}.Debug|Any CPU.Build.0 = Debug|Any CPU
		{A6DFE172-4237-46AF-AE41-4880DC84D1B0}.Release|Any CPU.ActiveCfg = Release|Any CPU
		{A6DFE172-4237-46AF-AE41-4880DC84D1B0}.Release|Any CPU.Build.0 = Release|Any CPU
	EndGlobalSection
	GlobalSection(SolutionProperties) = preSolution
		HideSolutionNode = FALSE
	EndGlobalSection
	GlobalSection(NestedProjects) = preSolution
		{5D6CD199-6FE3-4E81-9DE8-4DBFEF7BB496} = {E0825C31-ADF5-4214-AD33-8048861FE83C}
		{39187064-4E8D-4CF9-A643-FB9919181018} = {5D6CD199-6FE3-4E81-9DE8-4DBFEF7BB496}
		{A30E82A0-580C-4394-9AD5-C19FEC0A7E87} = {E0825C31-ADF5-4214-AD33-8048861FE83C}
		{FA33225D-28A3-4DF1-B8F8-7EAE74DD2890} = {A30E82A0-580C-4394-9AD5-C19FEC0A7E87}
		{E4ABDB34-F45D-4D22-8EBC-6349EF819653} = {E0825C31-ADF5-4214-AD33-8048861FE83C}
		{D834D6B0-EDA5-4367-B94A-AC2BA1AAB7AA} = {E4ABDB34-F45D-4D22-8EBC-6349EF819653}
		{6D6A01F2-9997-483F-968F-E73986BC42BB} = {E4ABDB34-F45D-4D22-8EBC-6349EF819653}
		{B3DE2C98-ABC3-4D44-BB14-D9494AB8DADB} = {E0825C31-ADF5-4214-AD33-8048861FE83C}
		{3D0EEFB6-02D3-4404-A2B4-1C403684EFAA} = {B3DE2C98-ABC3-4D44-BB14-D9494AB8DADB}
		{E9B857EF-56B5-4949-8164-62AEAD0272FB} = {B3DE2C98-ABC3-4D44-BB14-D9494AB8DADB}
		{AE735D68-E9C3-4FD9-8E23-06ECA349A976} = {B3DE2C98-ABC3-4D44-BB14-D9494AB8DADB}
		{DEF1E65F-9C1F-4753-9502-086B7A153D0A} = {B3DE2C98-ABC3-4D44-BB14-D9494AB8DADB}
		{A6DFE172-4237-46AF-AE41-4880DC84D1B0} = {B8393F5A-AC29-4186-8F30-608742848173}
	EndGlobalSection
	GlobalSection(ExtensibilityGlobals) = postSolution
		SolutionGuid = {8C4B48FF-CC06-456F-AE3C-6EDE75DD6A91}
	EndGlobalSection
EndGlobal
